
Microsoft Visual Studio Solution File, Format Version 12.00
# Visual Studio 15
VisualStudioVersion = 15.0.27428.1
MinimumVisualStudioVersion = 10.0.40219.1
Project("{9A19103F-16F7-4668-BE54-9A1E7A4F7556}") = "Lab10", "Lab10\Lab10.csproj", "{BBB8B66D-B568-4C57-9271-49E7FAC5A0A8}"
EndProject
Project("{FAE04EC0-301F-11D3-BF4B-00C04F79EFBC}") = "Exeec", "Exeec\Exeec.csproj", "{F85DAACA-746A-4F6C-87F9-26E149D17486}"
EndProject
Global
	GlobalSection(SolutionConfigurationPlatforms) = preSolution
		Debug|Any CPU = Debug|Any CPU
		Release|Any CPU = Release|Any CPU
	EndGlobalSection
	GlobalSection(ProjectConfigurationPlatforms) = postSolution
		{BBB8B66D-B568-4C57-9271-49E7FAC5A0A8}.Debug|Any CPU.ActiveCfg = Debug|Any CPU
		{BBB8B66D-B568-4C57-9271-49E7FAC5A0A8}.Debug|Any CPU.Build.0 = Debug|Any CPU
		{BBB8B66D-B568-4C57-9271-49E7FAC5A0A8}.Release|Any CPU.ActiveCfg = Release|Any CPU
		{BBB8B66D-B568-4C57-9271-49E7FAC5A0A8}.Release|Any CPU.Build.0 = Release|Any CPU
		{F85DAACA-746A-4F6C-87F9-26E149D17486}.Debug|Any CPU.ActiveCfg = Debug|Any CPU
		{F85DAACA-746A-4F6C-87F9-26E149D17486}.Debug|Any CPU.Build.0 = Debug|Any CPU
		{F85DAACA-746A-4F6C-87F9-26E149D17486}.Release|Any CPU.ActiveCfg = Release|Any CPU
		{F85DAACA-746A-4F6C-87F9-26E149D17486}.Release|Any CPU.Build.0 = Release|Any CPU
	EndGlobalSection
	GlobalSection(SolutionProperties) = preSolution
		HideSolutionNode = FALSE
	EndGlobalSection
	GlobalSection(ExtensibilityGlobals) = postSolution
		SolutionGuid = {DF44C599-92B2-4740-808F-598990C7088B}
	EndGlobalSection
EndGlobal
